// !$*UTF8*$!
{
	archiveVersion = 1;
	classes = {
	};
	objectVersion = 46;
	objects = {

/* Begin PBXBuildFile section */
		36A02BA7946489B09651FC28 /* libPods.a in Frameworks */ = {isa = PBXBuildFile; fileRef = FE3DD1F50F09E89C1EF74A4A /* libPods.a */; };
		457C26CD139A1EF900BF00DD /* MKCDAGNode.m in Sources */ = {isa = PBXBuildFile; fileRef = 457C26C8139A1EF900BF00DD /* MKCDAGNode.m */; };
		457C26CE139A1EF900BF00DD /* MKCNSEntityDescriptionAdditions.m in Sources */ = {isa = PBXBuildFile; fileRef = 457C26CA139A1EF900BF00DD /* MKCNSEntityDescriptionAdditions.m */; };
		457C26CF139A1EF900BF00DD /* MKCNSManagedObjectModelAdditions.m in Sources */ = {isa = PBXBuildFile; fileRef = 457C26CC139A1EF900BF00DD /* MKCNSManagedObjectModelAdditions.m */; };
		493EFFE51AE65EA20004952E /* FoundationAdditions.m in Sources */ = {isa = PBXBuildFile; fileRef = 493EFFE41AE65EA20004952E /* FoundationAdditions.m */; };
		7931E67810FE982500175784 /* libicucore.dylib in Frameworks */ = {isa = PBXBuildFile; fileRef = 7931E67710FE982500175784 /* libicucore.dylib */; };
		79D2BF3F0ACFB25B00F3F141 /* CoreData.framework in Frameworks */ = {isa = PBXBuildFile; fileRef = 79D2BF3E0ACFB25B00F3F141 /* CoreData.framework */; };
		8DD76F9A0486AA7600D96B5E /* mogenerator.m in Sources */ = {isa = PBXBuildFile; fileRef = 08FB7796FE84155DC02AAC07 /* mogenerator.m */; settings = {ATTRIBUTES = (); }; };
		8DD76F9C0486AA7600D96B5E /* Foundation.framework in Frameworks */ = {isa = PBXBuildFile; fileRef = 08FB779EFE84155DC02AAC07 /* Foundation.framework */; };
/* End PBXBuildFile section */

/* Begin PBXFileReference section */
		08FB7796FE84155DC02AAC07 /* mogenerator.m */ = {isa = PBXFileReference; fileEncoding = 4; lastKnownFileType = sourcecode.c.objc; path = mogenerator.m; sourceTree = "<group>"; usesTabs = 0; };
		08FB779EFE84155DC02AAC07 /* Foundation.framework */ = {isa = PBXFileReference; lastKnownFileType = wrapper.framework; name = Foundation.framework; path = /System/Library/Frameworks/Foundation.framework; sourceTree = "<absolute>"; };
		32A70AAB03705E1F00C91783 /* mogenerator_Prefix.pch */ = {isa = PBXFileReference; fileEncoding = 4; lastKnownFileType = sourcecode.c.h; path = mogenerator_Prefix.pch; sourceTree = "<group>"; };
		457C26C7139A1EF900BF00DD /* MKCDAGNode.h */ = {isa = PBXFileReference; fileEncoding = 4; lastKnownFileType = sourcecode.c.h; path = MKCDAGNode.h; sourceTree = "<group>"; };
		457C26C8139A1EF900BF00DD /* MKCDAGNode.m */ = {isa = PBXFileReference; fileEncoding = 4; lastKnownFileType = sourcecode.c.objc; path = MKCDAGNode.m; sourceTree = "<group>"; };
		457C26C9139A1EF900BF00DD /* MKCNSEntityDescriptionAdditions.h */ = {isa = PBXFileReference; fileEncoding = 4; lastKnownFileType = sourcecode.c.h; path = MKCNSEntityDescriptionAdditions.h; sourceTree = "<group>"; };
		457C26CA139A1EF900BF00DD /* MKCNSEntityDescriptionAdditions.m */ = {isa = PBXFileReference; fileEncoding = 4; lastKnownFileType = sourcecode.c.objc; path = MKCNSEntityDescriptionAdditions.m; sourceTree = "<group>"; };
		457C26CB139A1EF900BF00DD /* MKCNSManagedObjectModelAdditions.h */ = {isa = PBXFileReference; fileEncoding = 4; lastKnownFileType = sourcecode.c.h; path = MKCNSManagedObjectModelAdditions.h; sourceTree = "<group>"; };
		457C26CC139A1EF900BF00DD /* MKCNSManagedObjectModelAdditions.m */ = {isa = PBXFileReference; fileEncoding = 4; lastKnownFileType = sourcecode.c.objc; path = MKCNSManagedObjectModelAdditions.m; sourceTree = "<group>"; };
		493EFFE31AE65EA10004952E /* FoundationAdditions.h */ = {isa = PBXFileReference; fileEncoding = 4; lastKnownFileType = sourcecode.c.h; path = FoundationAdditions.h; sourceTree = "<group>"; };
		493EFFE41AE65EA20004952E /* FoundationAdditions.m */ = {isa = PBXFileReference; fileEncoding = 4; lastKnownFileType = sourcecode.c.objc; path = FoundationAdditions.m; sourceTree = "<group>"; };
		7931E67710FE982500175784 /* libicucore.dylib */ = {isa = PBXFileReference; lastKnownFileType = "compiled.mach-o.dylib"; name = libicucore.dylib; path = usr/lib/libicucore.dylib; sourceTree = SDKROOT; };
		79A586510E48E8B400474C35 /* mogenerator.h */ = {isa = PBXFileReference; fileEncoding = 4; lastKnownFileType = sourcecode.c.h; path = mogenerator.h; sourceTree = "<group>"; usesTabs = 0; };
		79D2BF3E0ACFB25B00F3F141 /* CoreData.framework */ = {isa = PBXFileReference; lastKnownFileType = wrapper.framework; name = CoreData.framework; path = /System/Library/Frameworks/CoreData.framework; sourceTree = "<absolute>"; };
		79D2C00E0ACFB81200F3F141 /* nsenumerate.h */ = {isa = PBXFileReference; fileEncoding = 30; lastKnownFileType = sourcecode.c.h; path = nsenumerate.h; sourceTree = "<group>"; };
		8DD76FA10486AA7600D96B5E /* mogenerator */ = {isa = PBXFileReference; explicitFileType = "compiled.mach-o.executable"; includeInIndex = 0; path = mogenerator; sourceTree = BUILT_PRODUCTS_DIR; };
		C4D107FA1701ADEF1E06503F /* Pods.release.xcconfig */ = {isa = PBXFileReference; includeInIndex = 1; lastKnownFileType = text.xcconfig; name = Pods.release.xcconfig; path = "Pods/Target Support Files/Pods/Pods.release.xcconfig"; sourceTree = "<group>"; };
		FA6E95789BC1310B9197BBE2 /* Pods.debug.xcconfig */ = {isa = PBXFileReference; includeInIndex = 1; lastKnownFileType = text.xcconfig; name = Pods.debug.xcconfig; path = "Pods/Target Support Files/Pods/Pods.debug.xcconfig"; sourceTree = "<group>"; };
		FE3DD1F50F09E89C1EF74A4A /* libPods.a */ = {isa = PBXFileReference; explicitFileType = archive.ar; includeInIndex = 0; path = libPods.a; sourceTree = BUILT_PRODUCTS_DIR; };
/* End PBXFileReference section */

/* Begin PBXFrameworksBuildPhase section */
		8DD76F9B0486AA7600D96B5E /* Frameworks */ = {
			isa = PBXFrameworksBuildPhase;
			buildActionMask = 2147483647;
			files = (
				8DD76F9C0486AA7600D96B5E /* Foundation.framework in Frameworks */,
				79D2BF3F0ACFB25B00F3F141 /* CoreData.framework in Frameworks */,
				7931E67810FE982500175784 /* libicucore.dylib in Frameworks */,
				36A02BA7946489B09651FC28 /* libPods.a in Frameworks */,
			);
			runOnlyForDeploymentPostprocessing = 0;
		};
/* End PBXFrameworksBuildPhase section */

/* Begin PBXGroup section */
		08FB7794FE84155DC02AAC07 /* mogenerator */ = {
			isa = PBXGroup;
			children = (
				08FB7795FE84155DC02AAC07 /* Source */,
				457C26C6139A1EF900BF00DD /* ponso */,
				08FB779DFE84155DC02AAC07 /* External Frameworks and Libraries */,
				1AB674ADFE9D54B511CA2CBB /* Products */,
				F2377160C62D358E3A6B2605 /* Pods */,
				B6911EEBE608F28530684922 /* Frameworks */,
			);
			name = mogenerator;
			sourceTree = "<group>";
		};
		08FB7795FE84155DC02AAC07 /* Source */ = {
			isa = PBXGroup;
			children = (
				493EFFE31AE65EA10004952E /* FoundationAdditions.h */,
				493EFFE41AE65EA20004952E /* FoundationAdditions.m */,
				08FB7796FE84155DC02AAC07 /* mogenerator.m */,
				79A586510E48E8B400474C35 /* mogenerator.h */,
				79D2C00E0ACFB81200F3F141 /* nsenumerate.h */,
				32A70AAB03705E1F00C91783 /* mogenerator_Prefix.pch */,
			);
			name = Source;
			sourceTree = "<group>";
		};
		08FB779DFE84155DC02AAC07 /* External Frameworks and Libraries */ = {
			isa = PBXGroup;
			children = (
				79D2BF3E0ACFB25B00F3F141 /* CoreData.framework */,
				08FB779EFE84155DC02AAC07 /* Foundation.framework */,
				7931E67710FE982500175784 /* libicucore.dylib */,
			);
			name = "External Frameworks and Libraries";
			sourceTree = "<group>";
		};
		1AB674ADFE9D54B511CA2CBB /* Products */ = {
			isa = PBXGroup;
			children = (
				8DD76FA10486AA7600D96B5E /* mogenerator */,
			);
			name = Products;
			sourceTree = "<group>";
		};
		457C26C6139A1EF900BF00DD /* ponso */ = {
			isa = PBXGroup;
			children = (
				457C26C7139A1EF900BF00DD /* MKCDAGNode.h */,
				457C26C8139A1EF900BF00DD /* MKCDAGNode.m */,
				457C26C9139A1EF900BF00DD /* MKCNSEntityDescriptionAdditions.h */,
				457C26CA139A1EF900BF00DD /* MKCNSEntityDescriptionAdditions.m */,
				457C26CB139A1EF900BF00DD /* MKCNSManagedObjectModelAdditions.h */,
				457C26CC139A1EF900BF00DD /* MKCNSManagedObjectModelAdditions.m */,
			);
			path = ponso;
			sourceTree = "<group>";
		};
		B6911EEBE608F28530684922 /* Frameworks */ = {
			isa = PBXGroup;
			children = (
				FE3DD1F50F09E89C1EF74A4A /* libPods.a */,
			);
			name = Frameworks;
			sourceTree = "<group>";
		};
		F2377160C62D358E3A6B2605 /* Pods */ = {
			isa = PBXGroup;
			children = (
				FA6E95789BC1310B9197BBE2 /* Pods.debug.xcconfig */,
				C4D107FA1701ADEF1E06503F /* Pods.release.xcconfig */,
			);
			name = Pods;
			sourceTree = "<group>";
		};
/* End PBXGroup section */

/* Begin PBXNativeTarget section */
		8DD76F960486AA7600D96B5E /* mogenerator */ = {
			isa = PBXNativeTarget;
			buildConfigurationList = 1DEB927408733DD40010E9CD /* Build configuration list for PBXNativeTarget "mogenerator" */;
			buildPhases = (
				F28EC217F910DD6609465B63 /* Check Pods Manifest.lock */,
				7956A85B152E4A500081B5CA /* ShellScript */,
				8DD76F990486AA7600D96B5E /* Sources */,
				8DD76F9B0486AA7600D96B5E /* Frameworks */,
				31A35CB6606E7134ADF18777 /* Copy Pods Resources */,
			);
			buildRules = (
			);
			dependencies = (
			);
			name = mogenerator;
			productInstallPath = "$(HOME)/bin";
			productName = mogenerator;
			productReference = 8DD76FA10486AA7600D96B5E /* mogenerator */;
			productType = "com.apple.product-type.tool";
		};
/* End PBXNativeTarget section */

/* Begin PBXProject section */
		08FB7793FE84155DC02AAC07 /* Project object */ = {
			isa = PBXProject;
			attributes = {
				LastUpgradeCheck = 0630;
			};
			buildConfigurationList = 1DEB927808733DD40010E9CD /* Build configuration list for PBXProject "mogenerator" */;
			compatibilityVersion = "Xcode 3.2";
			developmentRegion = English;
			hasScannedForEncodings = 1;
			knownRegions = (
				en,
			);
			mainGroup = 08FB7794FE84155DC02AAC07 /* mogenerator */;
			projectDirPath = "";
			projectRoot = "";
			targets = (
				8DD76F960486AA7600D96B5E /* mogenerator */,
			);
		};
/* End PBXProject section */

/* Begin PBXShellScriptBuildPhase section */
		31A35CB6606E7134ADF18777 /* Copy Pods Resources */ = {
			isa = PBXShellScriptBuildPhase;
			buildActionMask = 2147483647;
			files = (
			);
			inputPaths = (
			);
			name = "Copy Pods Resources";
			outputPaths = (
			);
			runOnlyForDeploymentPostprocessing = 0;
			shellPath = /bin/sh;
			shellScript = "\"${SRCROOT}/Pods/Target Support Files/Pods/Pods-resources.sh\"\n";
			showEnvVarsInLog = 0;
		};
		7956A85B152E4A500081B5CA /* ShellScript */ = {
			isa = PBXShellScriptBuildPhase;
			buildActionMask = 2147483647;
			files = (
			);
			inputPaths = (
			);
			outputPaths = (
			);
			runOnlyForDeploymentPostprocessing = 0;
			shellPath = /bin/sh;
			shellScript = "sh build-mogenerator-Info-plist.sh\n";
		};
		F28EC217F910DD6609465B63 /* Check Pods Manifest.lock */ = {
			isa = PBXShellScriptBuildPhase;
			buildActionMask = 2147483647;
			files = (
			);
			inputPaths = (
			);
			name = "Check Pods Manifest.lock";
			outputPaths = (
			);
			runOnlyForDeploymentPostprocessing = 0;
			shellPath = /bin/sh;
			shellScript = "diff \"${PODS_ROOT}/../Podfile.lock\" \"${PODS_ROOT}/Manifest.lock\" > /dev/null\nif [[ $? != 0 ]] ; then\n    cat << EOM\nerror: The sandbox is not in sync with the Podfile.lock. Run 'pod install' or update your CocoaPods installation.\nEOM\n    exit 1\nfi\n";
			showEnvVarsInLog = 0;
		};
/* End PBXShellScriptBuildPhase section */

/* Begin PBXSourcesBuildPhase section */
		8DD76F990486AA7600D96B5E /* Sources */ = {
			isa = PBXSourcesBuildPhase;
			buildActionMask = 2147483647;
			files = (
				8DD76F9A0486AA7600D96B5E /* mogenerator.m in Sources */,
				493EFFE51AE65EA20004952E /* FoundationAdditions.m in Sources */,
				457C26CD139A1EF900BF00DD /* MKCDAGNode.m in Sources */,
				457C26CE139A1EF900BF00DD /* MKCNSEntityDescriptionAdditions.m in Sources */,
				457C26CF139A1EF900BF00DD /* MKCNSManagedObjectModelAdditions.m in Sources */,
			);
			runOnlyForDeploymentPostprocessing = 0;
		};
/* End PBXSourcesBuildPhase section */

/* Begin XCBuildConfiguration section */
		1DEB927508733DD40010E9CD /* Debug */ = {
			isa = XCBuildConfiguration;
			baseConfigurationReference = FA6E95789BC1310B9197BBE2 /* Pods.debug.xcconfig */;
			buildSettings = {
				COPY_PHASE_STRIP = NO;
				GCC_C_LANGUAGE_STANDARD = c99;
				GCC_DYNAMIC_NO_PIC = NO;
				GCC_ENABLE_FIX_AND_CONTINUE = YES;
				GCC_OPTIMIZATION_LEVEL = 0;
				GCC_PRECOMPILE_PREFIX_HEADER = YES;
				GCC_PREFIX_HEADER = mogenerator_Prefix.pch;
				GCC_VERSION = com.apple.compilers.llvm.clang.1_0;
				GCC_WARN_64_TO_32_BIT_CONVERSION = YES;
				OTHER_LDFLAGS = (
					"$(inherited)",
					"-sectcreate",
					__TEXT,
					__info_plist,
					"$TMPDIR/mogenerator-Info.plist",
				);
				PRODUCT_NAME = mogenerator;
				WARNING_CFLAGS = "-Wall";
			};
			name = Debug;
		};
		1DEB927608733DD40010E9CD /* Release */ = {
			isa = XCBuildConfiguration;
			baseConfigurationReference = C4D107FA1701ADEF1E06503F /* Pods.release.xcconfig */;
			buildSettings = {
				DEPLOYMENT_POSTPROCESSING = NO;
				GCC_C_LANGUAGE_STANDARD = c99;
				GCC_GENERATE_DEBUGGING_SYMBOLS = NO;
				GCC_PRECOMPILE_PREFIX_HEADER = YES;
				GCC_PREFIX_HEADER = mogenerator_Prefix.pch;
				GCC_VERSION = com.apple.compilers.llvm.clang.1_0;
				GCC_WARN_64_TO_32_BIT_CONVERSION = YES;
				OTHER_LDFLAGS = (
					"$(inherited)",
					"-sectcreate",
					__TEXT,
					__info_plist,
					"$TMPDIR/mogenerator-Info.plist",
				);
				PRODUCT_NAME = mogenerator;
				WARNING_CFLAGS = "-Wall";
			};
			name = Release;
		};
		1DEB927908733DD40010E9CD /* Debug */ = {
			isa = XCBuildConfiguration;
			buildSettings = {
				MACOSX_DEPLOYMENT_TARGET = 10.6;
				ONLY_ACTIVE_ARCH = YES;
				SDKROOT = macosx;
			};
			name = Debug;
		};
		1DEB927A08733DD40010E9CD /* Release */ = {
			isa = XCBuildConfiguration;
			buildSettings = {
				MACOSX_DEPLOYMENT_TARGET = 10.6;
				SDKROOT = macosx;
			};
			name = Release;
		};
/* End XCBuildConfiguration section */

/* Begin XCConfigurationList section */
		1DEB927408733DD40010E9CD /* Build configuration list for PBXNativeTarget "mogenerator" */ = {
			isa = XCConfigurationList;
			buildConfigurations = (
				1DEB927508733DD40010E9CD /* Debug */,
				1DEB927608733DD40010E9CD /* Release */,
			);
			defaultConfigurationIsVisible = 0;
			defaultConfigurationName = Release;
		};
		1DEB927808733DD40010E9CD /* Build configuration list for PBXProject "mogenerator" */ = {
			isa = XCConfigurationList;
			buildConfigurations = (
				1DEB927908733DD40010E9CD /* Debug */,
				1DEB927A08733DD40010E9CD /* Release */,
			);
			defaultConfigurationIsVisible = 0;
			defaultConfigurationName = Release;
		};
/* End XCConfigurationList section */
	};
	rootObject = 08FB7793FE84155DC02AAC07 /* Project object */;
}
